
Microsoft Visual Studio Solution File, Format Version 12.00
# Visual Studio 15
VisualStudioVersion = 15.0.26730.16
MinimumVisualStudioVersion = 10.0.40219.1
Project("{8BC9CEB8-8B4A-11D0-8D11-00A0C91BC942}") = "abstract-factory", "abstract-factory\abstract-factory.vcxproj", "{32B7A968-7C58-4BF0-932E-EFFDA1CF62DF}"
EndProject
Project("{8BC9CEB8-8B4A-11D0-8D11-00A0C91BC942}") = "factory-method", "factory-method\factory-method.vcxproj", "{2D3AB81E-C2B7-4B72-A0FA-9C992E4AA2A3}"
EndProject
Project("{8BC9CEB8-8B4A-11D0-8D11-00A0C91BC942}") = "singleton", "singleton\singleton.vcxproj", "{05E04A4F-35DC-42AF-997D-2E57BBE540AD}"
EndProject
Project("{8BC9CEB8-8B4A-11D0-8D11-00A0C91BC942}") = "bridge", "bridge\bridge.vcxproj", "{ED0EA261-F671-47E9-B1BA-EA222AB3A35A}"
EndProject
Project("{8BC9CEB8-8B4A-11D0-8D11-00A0C91BC942}") = "state", "state\state.vcxproj", "{9A6EC100-F7BD-4464-889E-E523D48ECDE0}"
EndProject
Project("{8BC9CEB8-8B4A-11D0-8D11-00A0C91BC942}") = "proxy", "proxy\proxy.vcxproj", "{CB3AD97C-6F06-43FB-96C8-724C5BAD2A64}"
EndProject
Project("{8BC9CEB8-8B4A-11D0-8D11-00A0C91BC942}") = "chain", "chain\chain.vcxproj", "{A3566C9B-61F9-4265-93D5-AE2510B6335B}"
EndProject
Project("{8BC9CEB8-8B4A-11D0-8D11-00A0C91BC942}") = "composite", "composite\composite.vcxproj", "{51AC9BC0-DFAA-4BCF-A6FE-D61A509D8C17}"
EndProject
Project("{8BC9CEB8-8B4A-11D0-8D11-00A0C91BC942}") = "adapter", "adapter\adapter.vcxproj", "{33A672B0-F3C4-40BD-A4DC-00C4DA4E7252}"
EndProject
Project("{8BC9CEB8-8B4A-11D0-8D11-00A0C91BC942}") = "adapter2", "adapter2\adapter2.vcxproj", "{992D4AB1-8A06-4ED1-B1FD-FCC682F8DFD3}"
EndProject
Project("{8BC9CEB8-8B4A-11D0-8D11-00A0C91BC942}") = "command", "command\command.vcxproj", "{BDCCE0C9-FC49-494B-A041-CD49BD0A3DE7}"
EndProject
Project("{8BC9CEB8-8B4A-11D0-8D11-00A0C91BC942}") = "interpreter", "interpreter\interpreter.vcxproj", "{24072B80-1CE5-4134-8B4C-C69B3BD3D8A6}"
EndProject
Project("{8BC9CEB8-8B4A-11D0-8D11-00A0C91BC942}") = "mediator", "mediator\mediator.vcxproj", "{F1B7237D-CD7F-4046-B2A1-91DB7FEF1EDA}"
EndProject
Project("{8BC9CEB8-8B4A-11D0-8D11-00A0C91BC942}") = "memento", "memento\memento.vcxproj", "{61B08EE7-9347-4BFB-AD29-E41E57BE8777}"
EndProject
Project("{8BC9CEB8-8B4A-11D0-8D11-00A0C91BC942}") = "observer", "observer\observer.vcxproj", "{400270A1-1FAF-409C-9DCA-613EC3C42F2C}"
EndProject
Project("{8BC9CEB8-8B4A-11D0-8D11-00A0C91BC942}") = "decorator", "decorator\decorator.vcxproj", "{D814DD2C-BDB5-47A5-94E2-F7F40AA34CA5}"
EndProject
Project("{8BC9CEB8-8B4A-11D0-8D11-00A0C91BC942}") = "facade", "facade\facade.vcxproj", "{F5825EC1-8D2C-4B6A-B085-BEFB74402EF1}"
EndProject
Project("{8BC9CEB8-8B4A-11D0-8D11-00A0C91BC942}") = "flyweight", "flyweight\flyweight.vcxproj", "{E1E745E3-A379-438F-8961-CAF31ED2D516}"
EndProject
Project("{8BC9CEB8-8B4A-11D0-8D11-00A0C91BC942}") = "strategy", "strategy\strategy.vcxproj", "{A3C189BC-93B9-49AD-8397-C26C903D9823}"
EndProject
Project("{8BC9CEB8-8B4A-11D0-8D11-00A0C91BC942}") = "iterator", "iterator\iterator.vcxproj", "{947C2A51-82CB-40DD-96E1-4B93630198E4}"
EndProject
Project("{8BC9CEB8-8B4A-11D0-8D11-00A0C91BC942}") = "visitor", "visitor\visitor.vcxproj", "{F07664B5-EA5A-47D9-8495-08062D1417A7}"
EndProject
Project("{8BC9CEB8-8B4A-11D0-8D11-00A0C91BC942}") = "template-method", "template-method\template-method.vcxproj", "{8C6B1196-B711-4576-B4F4-98DF347A934F}"
EndProject
Project("{8BC9CEB8-8B4A-11D0-8D11-00A0C91BC942}") = "builder", "builder\builder.vcxproj", "{DC818F47-ADA2-42F9-B636-AC6059A897A2}"
EndProject
Project("{8BC9CEB8-8B4A-11D0-8D11-00A0C91BC942}") = "prototype", "prototype\prototype.vcxproj", "{71054D87-4A69-4E0C-AE1A-39A9C7A9342F}"
EndProject
Global
	GlobalSection(SolutionConfigurationPlatforms) = preSolution
		Debug|x64 = Debug|x64
		Debug|x86 = Debug|x86
		Release|x64 = Release|x64
		Release|x86 = Release|x86
	EndGlobalSection
	GlobalSection(ProjectConfigurationPlatforms) = postSolution
		{32B7A968-7C58-4BF0-932E-EFFDA1CF62DF}.Debug|x64.ActiveCfg = Debug|x64
		{32B7A968-7C58-4BF0-932E-EFFDA1CF62DF}.Debug|x64.Build.0 = Debug|x64
		{32B7A968-7C58-4BF0-932E-EFFDA1CF62DF}.Debug|x86.ActiveCfg = Debug|Win32
		{32B7A968-7C58-4BF0-932E-EFFDA1CF62DF}.Debug|x86.Build.0 = Debug|Win32
		{32B7A968-7C58-4BF0-932E-EFFDA1CF62DF}.Release|x64.ActiveCfg = Release|x64
		{32B7A968-7C58-4BF0-932E-EFFDA1CF62DF}.Release|x64.Build.0 = Release|x64
		{32B7A968-7C58-4BF0-932E-EFFDA1CF62DF}.Release|x86.ActiveCfg = Release|Win32
		{32B7A968-7C58-4BF0-932E-EFFDA1CF62DF}.Release|x86.Build.0 = Release|Win32
		{2D3AB81E-C2B7-4B72-A0FA-9C992E4AA2A3}.Debug|x64.ActiveCfg = Debug|x64
		{2D3AB81E-C2B7-4B72-A0FA-9C992E4AA2A3}.Debug|x64.Build.0 = Debug|x64
		{2D3AB81E-C2B7-4B72-A0FA-9C992E4AA2A3}.Debug|x86.ActiveCfg = Debug|Win32
		{2D3AB81E-C2B7-4B72-A0FA-9C992E4AA2A3}.Debug|x86.Build.0 = Debug|Win32
		{2D3AB81E-C2B7-4B72-A0FA-9C992E4AA2A3}.Release|x64.ActiveCfg = Release|x64
		{2D3AB81E-C2B7-4B72-A0FA-9C992E4AA2A3}.Release|x64.Build.0 = Release|x64
		{2D3AB81E-C2B7-4B72-A0FA-9C992E4AA2A3}.Release|x86.ActiveCfg = Release|Win32
		{2D3AB81E-C2B7-4B72-A0FA-9C992E4AA2A3}.Release|x86.Build.0 = Release|Win32
		{05E04A4F-35DC-42AF-997D-2E57BBE540AD}.Debug|x64.ActiveCfg = Debug|x64
		{05E04A4F-35DC-42AF-997D-2E57BBE540AD}.Debug|x64.Build.0 = Debug|x64
		{05E04A4F-35DC-42AF-997D-2E57BBE540AD}.Debug|x86.ActiveCfg = Debug|Win32
		{05E04A4F-35DC-42AF-997D-2E57BBE540AD}.Debug|x86.Build.0 = Debug|Win32
		{05E04A4F-35DC-42AF-997D-2E57BBE540AD}.Release|x64.ActiveCfg = Release|x64
		{05E04A4F-35DC-42AF-997D-2E57BBE540AD}.Release|x64.Build.0 = Release|x64
		{05E04A4F-35DC-42AF-997D-2E57BBE540AD}.Release|x86.ActiveCfg = Release|Win32
		{05E04A4F-35DC-42AF-997D-2E57BBE540AD}.Release|x86.Build.0 = Release|Win32
		{ED0EA261-F671-47E9-B1BA-EA222AB3A35A}.Debug|x64.ActiveCfg = Debug|x64
		{ED0EA261-F671-47E9-B1BA-EA222AB3A35A}.Debug|x64.Build.0 = Debug|x64
		{ED0EA261-F671-47E9-B1BA-EA222AB3A35A}.Debug|x86.ActiveCfg = Debug|Win32
		{ED0EA261-F671-47E9-B1BA-EA222AB3A35A}.Debug|x86.Build.0 = Debug|Win32
		{ED0EA261-F671-47E9-B1BA-EA222AB3A35A}.Release|x64.ActiveCfg = Release|x64
		{ED0EA261-F671-47E9-B1BA-EA222AB3A35A}.Release|x64.Build.0 = Release|x64
		{ED0EA261-F671-47E9-B1BA-EA222AB3A35A}.Release|x86.ActiveCfg = Release|Win32
		{ED0EA261-F671-47E9-B1BA-EA222AB3A35A}.Release|x86.Build.0 = Release|Win32
		{9A6EC100-F7BD-4464-889E-E523D48ECDE0}.Debug|x64.ActiveCfg = Debug|x64
		{9A6EC100-F7BD-4464-889E-E523D48ECDE0}.Debug|x64.Build.0 = Debug|x64
		{9A6EC100-F7BD-4464-889E-E523D48ECDE0}.Debug|x86.ActiveCfg = Debug|Win32
		{9A6EC100-F7BD-4464-889E-E523D48ECDE0}.Debug|x86.Build.0 = Debug|Win32
		{9A6EC100-F7BD-4464-889E-E523D48ECDE0}.Release|x64.ActiveCfg = Release|x64
		{9A6EC100-F7BD-4464-889E-E523D48ECDE0}.Release|x64.Build.0 = Release|x64
		{9A6EC100-F7BD-4464-889E-E523D48ECDE0}.Release|x86.ActiveCfg = Release|Win32
		{9A6EC100-F7BD-4464-889E-E523D48ECDE0}.Release|x86.Build.0 = Release|Win32
		{CB3AD97C-6F06-43FB-96C8-724C5BAD2A64}.Debug|x64.ActiveCfg = Debug|x64
		{CB3AD97C-6F06-43FB-96C8-724C5BAD2A64}.Debug|x64.Build.0 = Debug|x64
		{CB3AD97C-6F06-43FB-96C8-724C5BAD2A64}.Debug|x86.ActiveCfg = Debug|Win32
		{CB3AD97C-6F06-43FB-96C8-724C5BAD2A64}.Debug|x86.Build.0 = Debug|Win32
		{CB3AD97C-6F06-43FB-96C8-724C5BAD2A64}.Release|x64.ActiveCfg = Release|x64
		{CB3AD97C-6F06-43FB-96C8-724C5BAD2A64}.Release|x64.Build.0 = Release|x64
		{CB3AD97C-6F06-43FB-96C8-724C5BAD2A64}.Release|x86.ActiveCfg = Release|Win32
		{CB3AD97C-6F06-43FB-96C8-724C5BAD2A64}.Release|x86.Build.0 = Release|Win32
		{A3566C9B-61F9-4265-93D5-AE2510B6335B}.Debug|x64.ActiveCfg = Debug|x64
		{A3566C9B-61F9-4265-93D5-AE2510B6335B}.Debug|x64.Build.0 = Debug|x64
		{A3566C9B-61F9-4265-93D5-AE2510B6335B}.Debug|x86.ActiveCfg = Debug|Win32
		{A3566C9B-61F9-4265-93D5-AE2510B6335B}.Debug|x86.Build.0 = Debug|Win32
		{A3566C9B-61F9-4265-93D5-AE2510B6335B}.Release|x64.ActiveCfg = Release|x64
		{A3566C9B-61F9-4265-93D5-AE2510B6335B}.Release|x64.Build.0 = Release|x64
		{A3566C9B-61F9-4265-93D5-AE2510B6335B}.Release|x86.ActiveCfg = Release|Win32
		{A3566C9B-61F9-4265-93D5-AE2510B6335B}.Release|x86.Build.0 = Release|Win32
		{51AC9BC0-DFAA-4BCF-A6FE-D61A509D8C17}.Debug|x64.ActiveCfg = Debug|x64
		{51AC9BC0-DFAA-4BCF-A6FE-D61A509D8C17}.Debug|x64.Build.0 = Debug|x64
		{51AC9BC0-DFAA-4BCF-A6FE-D61A509D8C17}.Debug|x86.ActiveCfg = Debug|Win32
		{51AC9BC0-DFAA-4BCF-A6FE-D61A509D8C17}.Debug|x86.Build.0 = Debug|Win32
		{51AC9BC0-DFAA-4BCF-A6FE-D61A509D8C17}.Release|x64.ActiveCfg = Release|x64
		{51AC9BC0-DFAA-4BCF-A6FE-D61A509D8C17}.Release|x64.Build.0 = Release|x64
		{51AC9BC0-DFAA-4BCF-A6FE-D61A509D8C17}.Release|x86.ActiveCfg = Release|Win32
		{51AC9BC0-DFAA-4BCF-A6FE-D61A509D8C17}.Release|x86.Build.0 = Release|Win32
		{33A672B0-F3C4-40BD-A4DC-00C4DA4E7252}.Debug|x64.ActiveCfg = Debug|x64
		{33A672B0-F3C4-40BD-A4DC-00C4DA4E7252}.Debug|x64.Build.0 = Debug|x64
		{33A672B0-F3C4-40BD-A4DC-00C4DA4E7252}.Debug|x86.ActiveCfg = Debug|Win32
		{33A672B0-F3C4-40BD-A4DC-00C4DA4E7252}.Debug|x86.Build.0 = Debug|Win32
		{33A672B0-F3C4-40BD-A4DC-00C4DA4E7252}.Release|x64.ActiveCfg = Release|x64
		{33A672B0-F3C4-40BD-A4DC-00C4DA4E7252}.Release|x64.Build.0 = Release|x64
		{33A672B0-F3C4-40BD-A4DC-00C4DA4E7252}.Release|x86.ActiveCfg = Release|Win32
		{33A672B0-F3C4-40BD-A4DC-00C4DA4E7252}.Release|x86.Build.0 = Release|Win32
		{992D4AB1-8A06-4ED1-B1FD-FCC682F8DFD3}.Debug|x64.ActiveCfg = Debug|x64
		{992D4AB1-8A06-4ED1-B1FD-FCC682F8DFD3}.Debug|x64.Build.0 = Debug|x64
		{992D4AB1-8A06-4ED1-B1FD-FCC682F8DFD3}.Debug|x86.ActiveCfg = Debug|Win32
		{992D4AB1-8A06-4ED1-B1FD-FCC682F8DFD3}.Debug|x86.Build.0 = Debug|Win32
		{992D4AB1-8A06-4ED1-B1FD-FCC682F8DFD3}.Release|x64.ActiveCfg = Release|x64
		{992D4AB1-8A06-4ED1-B1FD-FCC682F8DFD3}.Release|x64.Build.0 = Release|x64
		{992D4AB1-8A06-4ED1-B1FD-FCC682F8DFD3}.Release|x86.ActiveCfg = Release|Win32
		{992D4AB1-8A06-4ED1-B1FD-FCC682F8DFD3}.Release|x86.Build.0 = Release|Win32
		{BDCCE0C9-FC49-494B-A041-CD49BD0A3DE7}.Debug|x64.ActiveCfg = Debug|x64
		{BDCCE0C9-FC49-494B-A041-CD49BD0A3DE7}.Debug|x64.Build.0 = Debug|x64
		{BDCCE0C9-FC49-494B-A041-CD49BD0A3DE7}.Debug|x86.ActiveCfg = Debug|Win32
		{BDCCE0C9-FC49-494B-A041-CD49BD0A3DE7}.Debug|x86.Build.0 = Debug|Win32
		{BDCCE0C9-FC49-494B-A041-CD49BD0A3DE7}.Release|x64.ActiveCfg = Release|x64
		{BDCCE0C9-FC49-494B-A041-CD49BD0A3DE7}.Release|x64.Build.0 = Release|x64
		{BDCCE0C9-FC49-494B-A041-CD49BD0A3DE7}.Release|x86.ActiveCfg = Release|Win32
		{BDCCE0C9-FC49-494B-A041-CD49BD0A3DE7}.Release|x86.Build.0 = Release|Win32
		{24072B80-1CE5-4134-8B4C-C69B3BD3D8A6}.Debug|x64.ActiveCfg = Debug|x64
		{24072B80-1CE5-4134-8B4C-C69B3BD3D8A6}.Debug|x64.Build.0 = Debug|x64
		{24072B80-1CE5-4134-8B4C-C69B3BD3D8A6}.Debug|x86.ActiveCfg = Debug|Win32
		{24072B80-1CE5-4134-8B4C-C69B3BD3D8A6}.Debug|x86.Build.0 = Debug|Win32
		{24072B80-1CE5-4134-8B4C-C69B3BD3D8A6}.Release|x64.ActiveCfg = Release|x64
		{24072B80-1CE5-4134-8B4C-C69B3BD3D8A6}.Release|x64.Build.0 = Release|x64
		{24072B80-1CE5-4134-8B4C-C69B3BD3D8A6}.Release|x86.ActiveCfg = Release|Win32
		{24072B80-1CE5-4134-8B4C-C69B3BD3D8A6}.Release|x86.Build.0 = Release|Win32
		{F1B7237D-CD7F-4046-B2A1-91DB7FEF1EDA}.Debug|x64.ActiveCfg = Debug|x64
		{F1B7237D-CD7F-4046-B2A1-91DB7FEF1EDA}.Debug|x64.Build.0 = Debug|x64
		{F1B7237D-CD7F-4046-B2A1-91DB7FEF1EDA}.Debug|x86.ActiveCfg = Debug|Win32
		{F1B7237D-CD7F-4046-B2A1-91DB7FEF1EDA}.Debug|x86.Build.0 = Debug|Win32
		{F1B7237D-CD7F-4046-B2A1-91DB7FEF1EDA}.Release|x64.ActiveCfg = Release|x64
		{F1B7237D-CD7F-4046-B2A1-91DB7FEF1EDA}.Release|x64.Build.0 = Release|x64
		{F1B7237D-CD7F-4046-B2A1-91DB7FEF1EDA}.Release|x86.ActiveCfg = Release|Win32
		{F1B7237D-CD7F-4046-B2A1-91DB7FEF1EDA}.Release|x86.Build.0 = Release|Win32
		{61B08EE7-9347-4BFB-AD29-E41E57BE8777}.Debug|x64.ActiveCfg = Debug|x64
		{61B08EE7-9347-4BFB-AD29-E41E57BE8777}.Debug|x64.Build.0 = Debug|x64
		{61B08EE7-9347-4BFB-AD29-E41E57BE8777}.Debug|x86.ActiveCfg = Debug|Win32
		{61B08EE7-9347-4BFB-AD29-E41E57BE8777}.Debug|x86.Build.0 = Debug|Win32
		{61B08EE7-9347-4BFB-AD29-E41E57BE8777}.Release|x64.ActiveCfg = Release|x64
		{61B08EE7-9347-4BFB-AD29-E41E57BE8777}.Release|x64.Build.0 = Release|x64
		{61B08EE7-9347-4BFB-AD29-E41E57BE8777}.Release|x86.ActiveCfg = Release|Win32
		{61B08EE7-9347-4BFB-AD29-E41E57BE8777}.Release|x86.Build.0 = Release|Win32
		{400270A1-1FAF-409C-9DCA-613EC3C42F2C}.Debug|x64.ActiveCfg = Debug|x64
		{400270A1-1FAF-409C-9DCA-613EC3C42F2C}.Debug|x64.Build.0 = Debug|x64
		{400270A1-1FAF-409C-9DCA-613EC3C42F2C}.Debug|x86.ActiveCfg = Debug|Win32
		{400270A1-1FAF-409C-9DCA-613EC3C42F2C}.Debug|x86.Build.0 = Debug|Win32
		{400270A1-1FAF-409C-9DCA-613EC3C42F2C}.Release|x64.ActiveCfg = Release|x64
		{400270A1-1FAF-409C-9DCA-613EC3C42F2C}.Release|x64.Build.0 = Release|x64
		{400270A1-1FAF-409C-9DCA-613EC3C42F2C}.Release|x86.ActiveCfg = Release|Win32
		{400270A1-1FAF-409C-9DCA-613EC3C42F2C}.Release|x86.Build.0 = Release|Win32
		{D814DD2C-BDB5-47A5-94E2-F7F40AA34CA5}.Debug|x64.ActiveCfg = Debug|x64
		{D814DD2C-BDB5-47A5-94E2-F7F40AA34CA5}.Debug|x64.Build.0 = Debug|x64
		{D814DD2C-BDB5-47A5-94E2-F7F40AA34CA5}.Debug|x86.ActiveCfg = Debug|Win32
		{D814DD2C-BDB5-47A5-94E2-F7F40AA34CA5}.Debug|x86.Build.0 = Debug|Win32
		{D814DD2C-BDB5-47A5-94E2-F7F40AA34CA5}.Release|x64.ActiveCfg = Release|x64
		{D814DD2C-BDB5-47A5-94E2-F7F40AA34CA5}.Release|x64.Build.0 = Release|x64
		{D814DD2C-BDB5-47A5-94E2-F7F40AA34CA5}.Release|x86.ActiveCfg = Release|Win32
		{D814DD2C-BDB5-47A5-94E2-F7F40AA34CA5}.Release|x86.Build.0 = Release|Win32
		{F5825EC1-8D2C-4B6A-B085-BEFB74402EF1}.Debug|x64.ActiveCfg = Debug|x64
		{F5825EC1-8D2C-4B6A-B085-BEFB74402EF1}.Debug|x64.Build.0 = Debug|x64
		{F5825EC1-8D2C-4B6A-B085-BEFB74402EF1}.Debug|x86.ActiveCfg = Debug|Win32
		{F5825EC1-8D2C-4B6A-B085-BEFB74402EF1}.Debug|x86.Build.0 = Debug|Win32
		{F5825EC1-8D2C-4B6A-B085-BEFB74402EF1}.Release|x64.ActiveCfg = Release|x64
		{F5825EC1-8D2C-4B6A-B085-BEFB74402EF1}.Release|x64.Build.0 = Release|x64
		{F5825EC1-8D2C-4B6A-B085-BEFB74402EF1}.Release|x86.ActiveCfg = Release|Win32
		{F5825EC1-8D2C-4B6A-B085-BEFB74402EF1}.Release|x86.Build.0 = Release|Win32
		{E1E745E3-A379-438F-8961-CAF31ED2D516}.Debug|x64.ActiveCfg = Debug|x64
		{E1E745E3-A379-438F-8961-CAF31ED2D516}.Debug|x64.Build.0 = Debug|x64
		{E1E745E3-A379-438F-8961-CAF31ED2D516}.Debug|x86.ActiveCfg = Debug|Win32
		{E1E745E3-A379-438F-8961-CAF31ED2D516}.Debug|x86.Build.0 = Debug|Win32
		{E1E745E3-A379-438F-8961-CAF31ED2D516}.Release|x64.ActiveCfg = Release|x64
		{E1E745E3-A379-438F-8961-CAF31ED2D516}.Release|x64.Build.0 = Release|x64
		{E1E745E3-A379-438F-8961-CAF31ED2D516}.Release|x86.ActiveCfg = Release|Win32
		{E1E745E3-A379-438F-8961-CAF31ED2D516}.Release|x86.Build.0 = Release|Win32
		{A3C189BC-93B9-49AD-8397-C26C903D9823}.Debug|x64.ActiveCfg = Debug|x64
		{A3C189BC-93B9-49AD-8397-C26C903D9823}.Debug|x64.Build.0 = Debug|x64
		{A3C189BC-93B9-49AD-8397-C26C903D9823}.Debug|x86.ActiveCfg = Debug|Win32
		{A3C189BC-93B9-49AD-8397-C26C903D9823}.Debug|x86.Build.0 = Debug|Win32
		{A3C189BC-93B9-49AD-8397-C26C903D9823}.Release|x64.ActiveCfg = Release|x64
		{A3C189BC-93B9-49AD-8397-C26C903D9823}.Release|x64.Build.0 = Release|x64
		{A3C189BC-93B9-49AD-8397-C26C903D9823}.Release|x86.ActiveCfg = Release|Win32
		{A3C189BC-93B9-49AD-8397-C26C903D9823}.Release|x86.Build.0 = Release|Win32
		{947C2A51-82CB-40DD-96E1-4B93630198E4}.Debug|x64.ActiveCfg = Debug|x64
		{947C2A51-82CB-40DD-96E1-4B93630198E4}.Debug|x64.Build.0 = Debug|x64
		{947C2A51-82CB-40DD-96E1-4B93630198E4}.Debug|x86.ActiveCfg = Debug|Win32
		{947C2A51-82CB-40DD-96E1-4B93630198E4}.Debug|x86.Build.0 = Debug|Win32
		{947C2A51-82CB-40DD-96E1-4B93630198E4}.Release|x64.ActiveCfg = Release|x64
		{947C2A51-82CB-40DD-96E1-4B93630198E4}.Release|x64.Build.0 = Release|x64
		{947C2A51-82CB-40DD-96E1-4B93630198E4}.Release|x86.ActiveCfg = Release|Win32
		{947C2A51-82CB-40DD-96E1-4B93630198E4}.Release|x86.Build.0 = Release|Win32
		{F07664B5-EA5A-47D9-8495-08062D1417A7}.Debug|x64.ActiveCfg = Debug|x64
		{F07664B5-EA5A-47D9-8495-08062D1417A7}.Debug|x64.Build.0 = Debug|x64
		{F07664B5-EA5A-47D9-8495-08062D1417A7}.Debug|x86.ActiveCfg = Debug|Win32
		{F07664B5-EA5A-47D9-8495-08062D1417A7}.Debug|x86.Build.0 = Debug|Win32
		{F07664B5-EA5A-47D9-8495-08062D1417A7}.Release|x64.ActiveCfg = Release|x64
		{F07664B5-EA5A-47D9-8495-08062D1417A7}.Release|x64.Build.0 = Release|x64
		{F07664B5-EA5A-47D9-8495-08062D1417A7}.Release|x86.ActiveCfg = Release|Win32
		{F07664B5-EA5A-47D9-8495-08062D1417A7}.Release|x86.Build.0 = Release|Win32
		{8C6B1196-B711-4576-B4F4-98DF347A934F}.Debug|x64.ActiveCfg = Debug|x64
		{8C6B1196-B711-4576-B4F4-98DF347A934F}.Debug|x64.Build.0 = Debug|x64
		{8C6B1196-B711-4576-B4F4-98DF347A934F}.Debug|x86.ActiveCfg = Debug|Win32
		{8C6B1196-B711-4576-B4F4-98DF347A934F}.Debug|x86.Build.0 = Debug|Win32
		{8C6B1196-B711-4576-B4F4-98DF347A934F}.Release|x64.ActiveCfg = Release|x64
		{8C6B1196-B711-4576-B4F4-98DF347A934F}.Release|x64.Build.0 = Release|x64
		{8C6B1196-B711-4576-B4F4-98DF347A934F}.Release|x86.ActiveCfg = Release|Win32
		{8C6B1196-B711-4576-B4F4-98DF347A934F}.Release|x86.Build.0 = Release|Win32
		{DC818F47-ADA2-42F9-B636-AC6059A897A2}.Debug|x64.ActiveCfg = Debug|x64
		{DC818F47-ADA2-42F9-B636-AC6059A897A2}.Debug|x64.Build.0 = Debug|x64
		{DC818F47-ADA2-42F9-B636-AC6059A897A2}.Debug|x86.ActiveCfg = Debug|Win32
		{DC818F47-ADA2-42F9-B636-AC6059A897A2}.Debug|x86.Build.0 = Debug|Win32
		{DC818F47-ADA2-42F9-B636-AC6059A897A2}.Release|x64.ActiveCfg = Release|x64
		{DC818F47-ADA2-42F9-B636-AC6059A897A2}.Release|x64.Build.0 = Release|x64
		{DC818F47-ADA2-42F9-B636-AC6059A897A2}.Release|x86.ActiveCfg = Release|Win32
		{DC818F47-ADA2-42F9-B636-AC6059A897A2}.Release|x86.Build.0 = Release|Win32
		{71054D87-4A69-4E0C-AE1A-39A9C7A9342F}.Debug|x64.ActiveCfg = Debug|x64
		{71054D87-4A69-4E0C-AE1A-39A9C7A9342F}.Debug|x64.Build.0 = Debug|x64
		{71054D87-4A69-4E0C-AE1A-39A9C7A9342F}.Debug|x86.ActiveCfg = Debug|Win32
		{71054D87-4A69-4E0C-AE1A-39A9C7A9342F}.Debug|x86.Build.0 = Debug|Win32
		{71054D87-4A69-4E0C-AE1A-39A9C7A9342F}.Release|x64.ActiveCfg = Release|x64
		{71054D87-4A69-4E0C-AE1A-39A9C7A9342F}.Release|x64.Build.0 = Release|x64
		{71054D87-4A69-4E0C-AE1A-39A9C7A9342F}.Release|x86.ActiveCfg = Release|Win32
		{71054D87-4A69-4E0C-AE1A-39A9C7A9342F}.Release|x86.Build.0 = Release|Win32
	EndGlobalSection
	GlobalSection(SolutionProperties) = preSolution
		HideSolutionNode = FALSE
	EndGlobalSection
	GlobalSection(ExtensibilityGlobals) = postSolution
		SolutionGuid = {A377C709-D96F-44DD-A8B3-7631F37DC649}
	EndGlobalSection
EndGlobal
